
Microsoft Visual Studio Solution File, Format Version 12.00
# Visual Studio Version 17
VisualStudioVersion = 17.5.33516.290
MinimumVisualStudioVersion = 10.0.40219.1
Project("{FAE04EC0-301F-11D3-BF4B-00C04F79EFBC}") = "Matematik_Fonksiyonları", "Matematik_Fonksiyonları\Matematik_Fonksiyonları.csproj", "{1D8BE88A-F6AB-4339-AC7C-CEB588AB018E}"
EndProject
Project("{FAE04EC0-301F-11D3-BF4B-00C04F79EFBC}") = "Dinamik_Araclar", "Dinamik_Araclar\Dinamik_Araclar.csproj", "{883D0D67-6853-4FA6-85A4-B184E14F1375}"
EndProject
Global
	GlobalSection(SolutionConfigurationPlatforms) = preSolution
		Debug|Any CPU = Debug|Any CPU
		Release|Any CPU = Release|Any CPU
	EndGlobalSection
	GlobalSection(ProjectConfigurationPlatforms) = postSolution
		{1D8BE88A-F6AB-4339-AC7C-CEB588AB018E}.Debug|Any CPU.ActiveCfg = Debug|Any CPU
		{1D8BE88A-F6AB-4339-AC7C-CEB588AB018E}.Debug|Any CPU.Build.0 = Debug|Any CPU
		{1D8BE88A-F6AB-4339-AC7C-CEB588AB018E}.Release|Any CPU.ActiveCfg = Release|Any CPU
		{1D8BE88A-F6AB-4339-AC7C-CEB588AB018E}.Release|Any CPU.Build.0 = Release|Any CPU
		{883D0D67-6853-4FA6-85A4-B184E14F1375}.Debug|Any CPU.ActiveCfg = Debug|Any CPU
		{883D0D67-6853-4FA6-85A4-B184E14F1375}.Debug|Any CPU.Build.0 = Debug|Any CPU
		{883D0D67-6853-4FA6-85A4-B184E14F1375}.Release|Any CPU.ActiveCfg = Release|Any CPU
		{883D0D67-6853-4FA6-85A4-B184E14F1375}.Release|Any CPU.Build.0 = Release|Any CPU
	EndGlobalSection
	GlobalSection(SolutionProperties) = preSolution
		HideSolutionNode = FALSE
	EndGlobalSection
	GlobalSection(ExtensibilityGlobals) = postSolution
		SolutionGuid = {48FFA605-595F-43B2-AF24-5ACF90280DF0}
	EndGlobalSection
EndGlobal
